
Microsoft Visual Studio Solution File, Format Version 12.00
# Visual Studio 2012
Project("{FAE04EC0-301F-11D3-BF4B-00C04F79EFBC}") = "sohovan.com.wxweb", "sohovan.com.wxweb\sohovan.com.wxweb.csproj", "{C7C0C917-D8B4-4051-9444-FA764E1FCB68}"
EndProject
Project("{FAE04EC0-301F-11D3-BF4B-00C04F79EFBC}") = "sohovan.com.wxapi", "sohovan.com.wxapi\sohovan.com.wxapi.csproj", "{EBBA57D3-AA72-43F0-89CF-9FC362A2D73B}"
EndProject
Global
	GlobalSection(SolutionConfigurationPlatforms) = preSolution
		Debug|Any CPU = Debug|Any CPU
		Release|Any CPU = Release|Any CPU
	EndGlobalSection
	GlobalSection(ProjectConfigurationPlatforms) = postSolution
		{C7C0C917-D8B4-4051-9444-FA764E1FCB68}.Debug|Any CPU.ActiveCfg = Debug|Any CPU
		{C7C0C917-D8B4-4051-9444-FA764E1FCB68}.Debug|Any CPU.Build.0 = Debug|Any CPU
		{C7C0C917-D8B4-4051-9444-FA764E1FCB68}.Release|Any CPU.ActiveCfg = Release|Any CPU
		{C7C0C917-D8B4-4051-9444-FA764E1FCB68}.Release|Any CPU.Build.0 = Release|Any CPU
		{EBBA57D3-AA72-43F0-89CF-9FC362A2D73B}.Debug|Any CPU.ActiveCfg = Debug|Any CPU
		{EBBA57D3-AA72-43F0-89CF-9FC362A2D73B}.Debug|Any CPU.Build.0 = Debug|Any CPU
		{EBBA57D3-AA72-43F0-89CF-9FC362A2D73B}.Release|Any CPU.ActiveCfg = Release|Any CPU
		{EBBA57D3-AA72-43F0-89CF-9FC362A2D73B}.Release|Any CPU.Build.0 = Release|Any CPU
	EndGlobalSection
	GlobalSection(SolutionProperties) = preSolution
		HideSolutionNode = FALSE
	EndGlobalSection
EndGlobal
