
Microsoft Visual Studio Solution File, Format Version 12.00
# Visual Studio 2012
Project("{FAE04EC0-301F-11D3-BF4B-00C04F79EFBC}") = "sohovan.com.wxapi", "sohovan.com.wxapi\sohovan.com.wxapi.csproj", "{EBBA57D3-AA72-43F0-89CF-9FC362A2D73B}"
EndProject
Project("{FAE04EC0-301F-11D3-BF4B-00C04F79EFBC}") = "sohovan.com.wxdemo", "sohovan.com.wxdemo\sohovan.com.wxdemo.csproj", "{1696EB1D-5EA2-4F9A-B663-D3BAF6467193}"
EndProject
Project("{FAE04EC0-301F-11D3-BF4B-00C04F79EFBC}") = "sohovan.com.common", "sohovan.com.common\sohovan.com.common.csproj", "{C9E915A2-C87D-4F71-BB9D-A6EF3A646D7B}"
EndProject
Global
	GlobalSection(SolutionConfigurationPlatforms) = preSolution
		Debug|Any CPU = Debug|Any CPU
		Release|Any CPU = Release|Any CPU
	EndGlobalSection
	GlobalSection(ProjectConfigurationPlatforms) = postSolution
		{EBBA57D3-AA72-43F0-89CF-9FC362A2D73B}.Debug|Any CPU.ActiveCfg = Debug|Any CPU
		{EBBA57D3-AA72-43F0-89CF-9FC362A2D73B}.Debug|Any CPU.Build.0 = Debug|Any CPU
		{EBBA57D3-AA72-43F0-89CF-9FC362A2D73B}.Release|Any CPU.ActiveCfg = Release|Any CPU
		{EBBA57D3-AA72-43F0-89CF-9FC362A2D73B}.Release|Any CPU.Build.0 = Release|Any CPU
		{1696EB1D-5EA2-4F9A-B663-D3BAF6467193}.Debug|Any CPU.ActiveCfg = Debug|Any CPU
		{1696EB1D-5EA2-4F9A-B663-D3BAF6467193}.Debug|Any CPU.Build.0 = Debug|Any CPU
		{1696EB1D-5EA2-4F9A-B663-D3BAF6467193}.Release|Any CPU.ActiveCfg = Release|Any CPU
		{1696EB1D-5EA2-4F9A-B663-D3BAF6467193}.Release|Any CPU.Build.0 = Release|Any CPU
		{C9E915A2-C87D-4F71-BB9D-A6EF3A646D7B}.Debug|Any CPU.ActiveCfg = Debug|Any CPU
		{C9E915A2-C87D-4F71-BB9D-A6EF3A646D7B}.Debug|Any CPU.Build.0 = Debug|Any CPU
		{C9E915A2-C87D-4F71-BB9D-A6EF3A646D7B}.Release|Any CPU.ActiveCfg = Release|Any CPU
		{C9E915A2-C87D-4F71-BB9D-A6EF3A646D7B}.Release|Any CPU.Build.0 = Release|Any CPU
	EndGlobalSection
	GlobalSection(SolutionProperties) = preSolution
		HideSolutionNode = FALSE
	EndGlobalSection
EndGlobal
